
Microsoft Visual Studio Solution File, Format Version 12.00
Project("{FAE04EC0-301F-11D3-BF4B-00C04F79EFBC}") = "Rider-86710", "Rider-86710\Rider-86710.csproj", "{AE0D5A4E-E47B-4ACA-B5CE-8D99B6BD182C}"
EndProject
Global
	GlobalSection(SolutionConfigurationPlatforms) = preSolution
		Debug|Any CPU = Debug|Any CPU
		Release|Any CPU = Release|Any CPU
	EndGlobalSection
	GlobalSection(ProjectConfigurationPlatforms) = postSolution
		{AE0D5A4E-E47B-4ACA-B5CE-8D99B6BD182C}.Debug|Any CPU.ActiveCfg = Debug|Any CPU
		{AE0D5A4E-E47B-4ACA-B5CE-8D99B6BD182C}.Debug|Any CPU.Build.0 = Debug|Any CPU
		{AE0D5A4E-E47B-4ACA-B5CE-8D99B6BD182C}.Release|Any CPU.ActiveCfg = Release|Any CPU
		{AE0D5A4E-E47B-4ACA-B5CE-8D99B6BD182C}.Release|Any CPU.Build.0 = Release|Any CPU
	EndGlobalSection
EndGlobal
